
Microsoft Visual Studio Solution File, Format Version 12.00
# Visual Studio Version 16
VisualStudioVersion = 16.0.32901.82
MinimumVisualStudioVersion = 10.0.40219.1
Project("{9A19103F-16F7-4668-BE54-9A1E7A4F7556}") = "T_MDIMS", "T_MDIMS\T_MDIMS.csproj", "{6CAD1DF5-E08C-4ACC-A490-0597F26E5FFD}"
EndProject
Project("{2150E333-8FDC-42A3-9474-1A3956D46DE8}") = "Solution Items", "Solution Items", "{C3F63B02-7DC2-41D1-A8DA-01CC62A22411}"
EndProject
Global
	GlobalSection(SolutionConfigurationPlatforms) = preSolution
		Debug|Any CPU = Debug|Any CPU
		Release|Any CPU = Release|Any CPU
	EndGlobalSection
	GlobalSection(ProjectConfigurationPlatforms) = postSolution
		{6CAD1DF5-E08C-4ACC-A490-0597F26E5FFD}.Debug|Any CPU.ActiveCfg = Debug|Any CPU
		{6CAD1DF5-E08C-4ACC-A490-0597F26E5FFD}.Debug|Any CPU.Build.0 = Debug|Any CPU
		{6CAD1DF5-E08C-4ACC-A490-0597F26E5FFD}.Release|Any CPU.ActiveCfg = Release|Any CPU
		{6CAD1DF5-E08C-4ACC-A490-0597F26E5FFD}.Release|Any CPU.Build.0 = Release|Any CPU
	EndGlobalSection
	GlobalSection(SolutionProperties) = preSolution
		HideSolutionNode = FALSE
	EndGlobalSection
	GlobalSection(ExtensibilityGlobals) = postSolution
		SolutionGuid = {814D1BE8-4E2A-47A9-ABCC-8CF953F866E3}
	EndGlobalSection
EndGlobal
